
Microsoft Visual Studio Solution File, Format Version 12.00
# Visual Studio 15
Project("{FAE04EC0-301F-11D3-BF4B-00C04F79EFBC}") = "Assembly-CSharp", "Assembly-CSharp.csproj", "{889EE7BC-4A77-C512-201C-EB2C216F26A8}"
EndProject
Project("{FAE04EC0-301F-11D3-BF4B-00C04F79EFBC}") = "Assembly-CSharp-Editor", "Assembly-CSharp-Editor.csproj", "{7BF5DF6C-9196-50E3-2D86-439048F99261}"
EndProject
Global
	GlobalSection(SolutionConfigurationPlatforms) = preSolution
		Debug|Any CPU = Debug|Any CPU
		Release|Any CPU = Release|Any CPU
	EndGlobalSection
	GlobalSection(ProjectConfigurationPlatforms) = postSolution
		{889EE7BC-4A77-C512-201C-EB2C216F26A8}.Debug|Any CPU.ActiveCfg = Debug|Any CPU
		{889EE7BC-4A77-C512-201C-EB2C216F26A8}.Debug|Any CPU.Build.0 = Debug|Any CPU
		{889EE7BC-4A77-C512-201C-EB2C216F26A8}.Release|Any CPU.ActiveCfg = Release|Any CPU
		{889EE7BC-4A77-C512-201C-EB2C216F26A8}.Release|Any CPU.Build.0 = Release|Any CPU
		{7BF5DF6C-9196-50E3-2D86-439048F99261}.Debug|Any CPU.ActiveCfg = Debug|Any CPU
		{7BF5DF6C-9196-50E3-2D86-439048F99261}.Debug|Any CPU.Build.0 = Debug|Any CPU
		{7BF5DF6C-9196-50E3-2D86-439048F99261}.Release|Any CPU.ActiveCfg = Release|Any CPU
		{7BF5DF6C-9196-50E3-2D86-439048F99261}.Release|Any CPU.Build.0 = Release|Any CPU
	EndGlobalSection
	GlobalSection(SolutionProperties) = preSolution
		HideSolutionNode = FALSE
	EndGlobalSection
EndGlobal
